
Microsoft Visual Studio Solution File, Format Version 10.00
# Visual Studio 2008
Project("{8BC9CEB8-8B4A-11D0-8D11-00A0C91BC942}") = "prop_grid_demo", "prop_grid_demo.vcproj", "{032B591B-F557-4ED1-9630-11468063856D}"
EndProject
Global
	GlobalSection(SolutionConfigurationPlatforms) = preSolution
		Debug|Win32 = Debug|Win32
		Release|Win32 = Release|Win32
	EndGlobalSection
	GlobalSection(ProjectConfigurationPlatforms) = postSolution
		{032B591B-F557-4ED1-9630-11468063856D}.Debug|Win32.ActiveCfg = Debug|Win32
		{032B591B-F557-4ED1-9630-11468063856D}.Debug|Win32.Build.0 = Debug|Win32
		{032B591B-F557-4ED1-9630-11468063856D}.Release|Win32.ActiveCfg = Release|Win32
		{032B591B-F557-4ED1-9630-11468063856D}.Release|Win32.Build.0 = Release|Win32
	EndGlobalSection
	GlobalSection(SolutionProperties) = preSolution
		HideSolutionNode = FALSE
	EndGlobalSection
EndGlobal
